// !$*UTF8*$!
{
	archiveVersion = 1;
	classes = {
	};
	objectVersion = 70;
	objects = {

/* Begin PBXBuildFile section */
		2B2F06512C5D5EC000AA9ADA /* EssentialFeed.framework in Frameworks */ = {isa = PBXBuildFile; fileRef = 2B369A242C1AE58100C48504 /* EssentialFeed.framework */; };
		2B2F06592C5D60E100AA9ADA /* EssentialFeedAPIEndToEndTests.swift in Sources */ = {isa = PBXBuildFile; fileRef = 2B2F06582C5D60E100AA9ADA /* EssentialFeedAPIEndToEndTests.swift */; };
		2B369A292C1AE58100C48504 /* EssentialFeed.docc in Sources */ = {isa = PBXBuildFile; fileRef = 2B369A282C1AE58100C48504 /* EssentialFeed.docc */; };
		2B369A2F2C1AE58100C48504 /* EssentialFeed.framework in Frameworks */ = {isa = PBXBuildFile; fileRef = 2B369A242C1AE58100C48504 /* EssentialFeed.framework */; };
		2B369A352C1AE58100C48504 /* EssentialFeed.h in Headers */ = {isa = PBXBuildFile; fileRef = 2B369A272C1AE58100C48504 /* EssentialFeed.h */; settings = {ATTRIBUTES = (Public, ); }; };
		2B5F60512C98B485005A5222 /* LoadFeedFromCacheUseCaseTests.swift in Sources */ = {isa = PBXBuildFile; fileRef = 2B5F60502C98B485005A5222 /* LoadFeedFromCacheUseCaseTests.swift */; };
		2BB85B832C99E92600F613FF /* ValidateFeedCacheUseCaseTests.swift in Sources */ = {isa = PBXBuildFile; fileRef = 2BB85B822C99E92600F613FF /* ValidateFeedCacheUseCaseTests.swift */; };
		2BB9C5692C7DC27E0081B3E0 /* CacheFeedUseCaseTests.swift in Sources */ = {isa = PBXBuildFile; fileRef = 2BB9C5682C7DC27E0081B3E0 /* CacheFeedUseCaseTests.swift */; };
		2BD52F462CA48C1B00F43FE4 /* CodableFeedStoreTests.swift in Sources */ = {isa = PBXBuildFile; fileRef = 2BD52F452CA48C1B00F43FE4 /* CodableFeedStoreTests.swift */; };
/* End PBXBuildFile section */

/* Begin PBXContainerItemProxy section */
		2B2F06522C5D5EC000AA9ADA /* PBXContainerItemProxy */ = {
			isa = PBXContainerItemProxy;
			containerPortal = 2B369A1B2C1AE58100C48504 /* Project object */;
			proxyType = 1;
			remoteGlobalIDString = 2B369A232C1AE58100C48504;
			remoteInfo = EssentialFeed;
		};
		2B369A302C1AE58100C48504 /* PBXContainerItemProxy */ = {
			isa = PBXContainerItemProxy;
			containerPortal = 2B369A1B2C1AE58100C48504 /* Project object */;
			proxyType = 1;
			remoteGlobalIDString = 2B369A232C1AE58100C48504;
			remoteInfo = EssentialFeed;
		};
/* End PBXContainerItemProxy section */

/* Begin PBXFileReference section */
		2B2F06482C5D57CE00AA9ADA /* EssentialFeed.xctestplan */ = {isa = PBXFileReference; lastKnownFileType = text; path = EssentialFeed.xctestplan; sourceTree = "<group>"; };
		2B2F064D2C5D5EC000AA9ADA /* EssentialFeedAPIEndToEndTests.xctest */ = {isa = PBXFileReference; explicitFileType = wrapper.cfbundle; includeInIndex = 0; path = EssentialFeedAPIEndToEndTests.xctest; sourceTree = BUILT_PRODUCTS_DIR; };
		2B2F06572C5D60E000AA9ADA /* EssentialFeedAPIEndToEndTests-Bridging-Header.h */ = {isa = PBXFileReference; lastKnownFileType = sourcecode.c.h; path = "EssentialFeedAPIEndToEndTests-Bridging-Header.h"; sourceTree = "<group>"; };
		2B2F06582C5D60E100AA9ADA /* EssentialFeedAPIEndToEndTests.swift */ = {isa = PBXFileReference; lastKnownFileType = sourcecode.swift; path = EssentialFeedAPIEndToEndTests.swift; sourceTree = "<group>"; };
		2B2F065C2C5D79F600AA9ADA /* CI.xctestplan */ = {isa = PBXFileReference; lastKnownFileType = text; path = CI.xctestplan; sourceTree = "<group>"; };
		2B369A242C1AE58100C48504 /* EssentialFeed.framework */ = {isa = PBXFileReference; explicitFileType = wrapper.framework; includeInIndex = 0; path = EssentialFeed.framework; sourceTree = BUILT_PRODUCTS_DIR; };
		2B369A272C1AE58100C48504 /* EssentialFeed.h */ = {isa = PBXFileReference; lastKnownFileType = sourcecode.c.h; path = EssentialFeed.h; sourceTree = "<group>"; };
		2B369A282C1AE58100C48504 /* EssentialFeed.docc */ = {isa = PBXFileReference; lastKnownFileType = folder.documentationcatalog; path = EssentialFeed.docc; sourceTree = "<group>"; };
		2B369A2E2C1AE58100C48504 /* EssentialFeedTests.xctest */ = {isa = PBXFileReference; explicitFileType = wrapper.cfbundle; includeInIndex = 0; path = EssentialFeedTests.xctest; sourceTree = BUILT_PRODUCTS_DIR; };
		2B507E1F2CCC25AB00D7B81A /* EssentialFeedAPIEndToEndTests.xctestplan */ = {isa = PBXFileReference; lastKnownFileType = text; path = EssentialFeedAPIEndToEndTests.xctestplan; sourceTree = "<group>"; };
		2B5F60502C98B485005A5222 /* LoadFeedFromCacheUseCaseTests.swift */ = {isa = PBXFileReference; lastKnownFileType = sourcecode.swift; path = LoadFeedFromCacheUseCaseTests.swift; sourceTree = "<group>"; };
		2BB85B822C99E92600F613FF /* ValidateFeedCacheUseCaseTests.swift */ = {isa = PBXFileReference; lastKnownFileType = sourcecode.swift; path = ValidateFeedCacheUseCaseTests.swift; sourceTree = "<group>"; };
		2BB9C5682C7DC27E0081B3E0 /* CacheFeedUseCaseTests.swift */ = {isa = PBXFileReference; lastKnownFileType = sourcecode.swift; path = CacheFeedUseCaseTests.swift; sourceTree = "<group>"; };
		2BD52F452CA48C1B00F43FE4 /* CodableFeedStoreTests.swift */ = {isa = PBXFileReference; lastKnownFileType = sourcecode.swift; path = CodableFeedStoreTests.swift; sourceTree = "<group>"; };
/* End PBXFileReference section */

/* Begin PBXFileSystemSynchronizedBuildFileExceptionSet section */
		2B043EFB2C5B9E7000F98ADF /* PBXFileSystemSynchronizedBuildFileExceptionSet */ = {
			isa = PBXFileSystemSynchronizedBuildFileExceptionSet;
			membershipExceptions = (
				SharedTestHelpers.swift,
				"XCTestCase+MemoryLeakTracking.swift",
			);
			target = 2B369A2D2C1AE58100C48504 /* EssentialFeedTests */;
		};
		2B2F065B2C5D68D100AA9ADA /* PBXFileSystemSynchronizedBuildFileExceptionSet */ = {
			isa = PBXFileSystemSynchronizedBuildFileExceptionSet;
			membershipExceptions = (
				SharedTestHelpers.swift,
				"XCTestCase+MemoryLeakTracking.swift",
			);
			target = 2B2F064C2C5D5EC000AA9ADA /* EssentialFeedAPIEndToEndTests */;
		};
		2B5E017E2C274528008B79FA /* PBXFileSystemSynchronizedBuildFileExceptionSet */ = {
			isa = PBXFileSystemSynchronizedBuildFileExceptionSet;
			membershipExceptions = (
				FeedImage.swift,
				FeedLoader.swift,
			);
			target = 2B369A232C1AE58100C48504 /* EssentialFeed */;
		};
		2B5E01822C274542008B79FA /* PBXFileSystemSynchronizedBuildFileExceptionSet */ = {
			isa = PBXFileSystemSynchronizedBuildFileExceptionSet;
			membershipExceptions = (
				FeedImageMapper.swift,
				HTTPClient.swift,
				RemoteFeedImage.swift,
				RemoteFeedLoader.swift,
				URLSessionHTTPClient.swift,
			);
			target = 2B369A232C1AE58100C48504 /* EssentialFeed */;
		};
		2B5F60562C98B809005A5222 /* PBXFileSystemSynchronizedBuildFileExceptionSet */ = {
			isa = PBXFileSystemSynchronizedBuildFileExceptionSet;
			membershipExceptions = (
				FeedCacheTestHelpers.swift,
				FeedStoreSpy.swift,
			);
			target = 2B369A2D2C1AE58100C48504 /* EssentialFeedTests */;
		};
		2BABCC372C7E5AAD009A4F74 /* PBXFileSystemSynchronizedBuildFileExceptionSet */ = {
			isa = PBXFileSystemSynchronizedBuildFileExceptionSet;
			membershipExceptions = (
				FeedCachePolicy.swift,
				FeedStore.swift,
				LocalFeedImage.swift,
				LocalFeedLoader.swift,
			);
			target = 2B369A232C1AE58100C48504 /* EssentialFeed */;
		};
		2BB9C5672C7DC24F0081B3E0 /* PBXFileSystemSynchronizedBuildFileExceptionSet */ = {
			isa = PBXFileSystemSynchronizedBuildFileExceptionSet;
			membershipExceptions = (
				EssentialFeedTests.swift,
				LoadFeedFromRemoteUseCaseTests.swift,
				URLSessionHTTPClientTests.swift,
			);
			target = 2B369A2D2C1AE58100C48504 /* EssentialFeedTests */;
		};
/* End PBXFileSystemSynchronizedBuildFileExceptionSet section */

/* Begin PBXFileSystemSynchronizedRootGroup section */
		2B043EF82C5B9E5400F98ADF /* Helpers */ = {isa = PBXFileSystemSynchronizedRootGroup; exceptions = (2B043EFB2C5B9E7000F98ADF /* PBXFileSystemSynchronizedBuildFileExceptionSet */, 2B2F065B2C5D68D100AA9ADA /* PBXFileSystemSynchronizedBuildFileExceptionSet */, ); explicitFileTypes = {}; explicitFolders = (); path = Helpers; sourceTree = "<group>"; };
		2B5E017D2C274520008B79FA /* Feed Feature */ = {isa = PBXFileSystemSynchronizedRootGroup; exceptions = (2B5E017E2C274528008B79FA /* PBXFileSystemSynchronizedBuildFileExceptionSet */, ); explicitFileTypes = {}; explicitFolders = (); path = "Feed Feature"; sourceTree = "<group>"; };
		2B5E017F2C27452B008B79FA /* Feed API */ = {isa = PBXFileSystemSynchronizedRootGroup; exceptions = (2B5E01822C274542008B79FA /* PBXFileSystemSynchronizedBuildFileExceptionSet */, ); explicitFileTypes = {}; explicitFolders = (); path = "Feed API"; sourceTree = "<group>"; };
		2B5F60522C98B7FD005A5222 /* Helpers */ = {isa = PBXFileSystemSynchronizedRootGroup; exceptions = (2B5F60562C98B809005A5222 /* PBXFileSystemSynchronizedBuildFileExceptionSet */, ); explicitFileTypes = {}; explicitFolders = (); path = Helpers; sourceTree = "<group>"; };
		2BABCC342C7E5A9E009A4F74 /* Feed Cache */ = {isa = PBXFileSystemSynchronizedRootGroup; exceptions = (2BABCC372C7E5AAD009A4F74 /* PBXFileSystemSynchronizedBuildFileExceptionSet */, ); explicitFileTypes = {}; explicitFolders = (); path = "Feed Cache"; sourceTree = "<group>"; };
		2BB9C5662C7DC2480081B3E0 /* Feed API */ = {isa = PBXFileSystemSynchronizedRootGroup; exceptions = (2BB9C5672C7DC24F0081B3E0 /* PBXFileSystemSynchronizedBuildFileExceptionSet */, ); explicitFileTypes = {}; explicitFolders = (); path = "Feed API"; sourceTree = "<group>"; };
/* End PBXFileSystemSynchronizedRootGroup section */

/* Begin PBXFrameworksBuildPhase section */
		2B2F064A2C5D5EC000AA9ADA /* Frameworks */ = {
			isa = PBXFrameworksBuildPhase;
			buildActionMask = 2147483647;
			files = (
				2B2F06512C5D5EC000AA9ADA /* EssentialFeed.framework in Frameworks */,
			);
			runOnlyForDeploymentPostprocessing = 0;
		};
		2B369A212C1AE58100C48504 /* Frameworks */ = {
			isa = PBXFrameworksBuildPhase;
			buildActionMask = 2147483647;
			files = (
			);
			runOnlyForDeploymentPostprocessing = 0;
		};
		2B369A2B2C1AE58100C48504 /* Frameworks */ = {
			isa = PBXFrameworksBuildPhase;
			buildActionMask = 2147483647;
			files = (
				2B369A2F2C1AE58100C48504 /* EssentialFeed.framework in Frameworks */,
			);
			runOnlyForDeploymentPostprocessing = 0;
		};
/* End PBXFrameworksBuildPhase section */

/* Begin PBXGroup section */
		2B2F064E2C5D5EC000AA9ADA /* EssentialFeedAPIEndToEndTests */ = {
			isa = PBXGroup;
			children = (
				2B2F06582C5D60E100AA9ADA /* EssentialFeedAPIEndToEndTests.swift */,
				2B2F06572C5D60E000AA9ADA /* EssentialFeedAPIEndToEndTests-Bridging-Header.h */,
			);
			path = EssentialFeedAPIEndToEndTests;
			sourceTree = "<group>";
		};
		2B369A1A2C1AE58100C48504 = {
			isa = PBXGroup;
			children = (
				2B507E1F2CCC25AB00D7B81A /* EssentialFeedAPIEndToEndTests.xctestplan */,
				2B2F065C2C5D79F600AA9ADA /* CI.xctestplan */,
				2B2F06482C5D57CE00AA9ADA /* EssentialFeed.xctestplan */,
				2B369A262C1AE58100C48504 /* EssentialFeed */,
				2B369A322C1AE58100C48504 /* EssentialFeedTests */,
				2B2F064E2C5D5EC000AA9ADA /* EssentialFeedAPIEndToEndTests */,
				2B369A252C1AE58100C48504 /* Products */,
			);
			sourceTree = "<group>";
		};
		2B369A252C1AE58100C48504 /* Products */ = {
			isa = PBXGroup;
			children = (
				2B369A242C1AE58100C48504 /* EssentialFeed.framework */,
				2B369A2E2C1AE58100C48504 /* EssentialFeedTests.xctest */,
				2B2F064D2C5D5EC000AA9ADA /* EssentialFeedAPIEndToEndTests.xctest */,
			);
			name = Products;
			sourceTree = "<group>";
		};
		2B369A262C1AE58100C48504 /* EssentialFeed */ = {
			isa = PBXGroup;
			children = (
				2BABCC342C7E5A9E009A4F74 /* Feed Cache */,
				2B5E017F2C27452B008B79FA /* Feed API */,
				2B5E017D2C274520008B79FA /* Feed Feature */,
				2B369A272C1AE58100C48504 /* EssentialFeed.h */,
				2B369A282C1AE58100C48504 /* EssentialFeed.docc */,
			);
			path = EssentialFeed;
			sourceTree = "<group>";
		};
		2B369A322C1AE58100C48504 /* EssentialFeedTests */ = {
			isa = PBXGroup;
			children = (
				2BB9C5662C7DC2480081B3E0 /* Feed API */,
				2BB9C5652C7DC22E0081B3E0 /* Feed Cache */,
				2B043EF82C5B9E5400F98ADF /* Helpers */,
			);
			path = EssentialFeedTests;
			sourceTree = "<group>";
		};
		2BB9C5652C7DC22E0081B3E0 /* Feed Cache */ = {
			isa = PBXGroup;
			children = (
				2B5F60522C98B7FD005A5222 /* Helpers */,
				2BB9C5682C7DC27E0081B3E0 /* CacheFeedUseCaseTests.swift */,
				2B5F60502C98B485005A5222 /* LoadFeedFromCacheUseCaseTests.swift */,
				2BB85B822C99E92600F613FF /* ValidateFeedCacheUseCaseTests.swift */,
				2BD52F452CA48C1B00F43FE4 /* CodableFeedStoreTests.swift */,
			);
			path = "Feed Cache";
			sourceTree = "<group>";
		};
/* End PBXGroup section */

/* Begin PBXHeadersBuildPhase section */
		2B369A1F2C1AE58100C48504 /* Headers */ = {
			isa = PBXHeadersBuildPhase;
			buildActionMask = 2147483647;
			files = (
				2B369A352C1AE58100C48504 /* EssentialFeed.h in Headers */,
			);
			runOnlyForDeploymentPostprocessing = 0;
		};
/* End PBXHeadersBuildPhase section */

/* Begin PBXNativeTarget section */
		2B2F064C2C5D5EC000AA9ADA /* EssentialFeedAPIEndToEndTests */ = {
			isa = PBXNativeTarget;
			buildConfigurationList = 2B2F06542C5D5EC000AA9ADA /* Build configuration list for PBXNativeTarget "EssentialFeedAPIEndToEndTests" */;
			buildPhases = (
				2B2F06492C5D5EC000AA9ADA /* Sources */,
				2B2F064A2C5D5EC000AA9ADA /* Frameworks */,
				2B2F064B2C5D5EC000AA9ADA /* Resources */,
			);
			buildRules = (
			);
			dependencies = (
				2B2F06532C5D5EC000AA9ADA /* PBXTargetDependency */,
			);
			name = EssentialFeedAPIEndToEndTests;
			productName = EssentialFeedAPIEndToEndTests;
			productReference = 2B2F064D2C5D5EC000AA9ADA /* EssentialFeedAPIEndToEndTests.xctest */;
			productType = "com.apple.product-type.bundle.unit-test";
		};
		2B369A232C1AE58100C48504 /* EssentialFeed */ = {
			isa = PBXNativeTarget;
			buildConfigurationList = 2B369A382C1AE58100C48504 /* Build configuration list for PBXNativeTarget "EssentialFeed" */;
			buildPhases = (
				2B369A1F2C1AE58100C48504 /* Headers */,
				2B369A202C1AE58100C48504 /* Sources */,
				2B369A212C1AE58100C48504 /* Frameworks */,
				2B369A222C1AE58100C48504 /* Resources */,
			);
			buildRules = (
			);
			dependencies = (
			);
			name = EssentialFeed;
			productName = EssentialFeed;
			productReference = 2B369A242C1AE58100C48504 /* EssentialFeed.framework */;
			productType = "com.apple.product-type.framework";
		};
		2B369A2D2C1AE58100C48504 /* EssentialFeedTests */ = {
			isa = PBXNativeTarget;
			buildConfigurationList = 2B369A3B2C1AE58100C48504 /* Build configuration list for PBXNativeTarget "EssentialFeedTests" */;
			buildPhases = (
				2B369A2A2C1AE58100C48504 /* Sources */,
				2B369A2B2C1AE58100C48504 /* Frameworks */,
				2B369A2C2C1AE58100C48504 /* Resources */,
			);
			buildRules = (
			);
			dependencies = (
				2B369A312C1AE58100C48504 /* PBXTargetDependency */,
			);
			name = EssentialFeedTests;
			productName = EssentialFeedTests;
			productReference = 2B369A2E2C1AE58100C48504 /* EssentialFeedTests.xctest */;
			productType = "com.apple.product-type.bundle.unit-test";
		};
/* End PBXNativeTarget section */

/* Begin PBXProject section */
		2B369A1B2C1AE58100C48504 /* Project object */ = {
			isa = PBXProject;
			attributes = {
				BuildIndependentTargetsInParallel = 1;
				LastSwiftUpdateCheck = 1600;
				LastUpgradeCheck = 1600;
				TargetAttributes = {
					2B2F064C2C5D5EC000AA9ADA = {
						CreatedOnToolsVersion = 16.0;
						LastSwiftMigration = 1600;
					};
					2B369A232C1AE58100C48504 = {
						CreatedOnToolsVersion = 15.4;
					};
					2B369A2D2C1AE58100C48504 = {
						CreatedOnToolsVersion = 15.4;
					};
				};
			};
			buildConfigurationList = 2B369A1E2C1AE58100C48504 /* Build configuration list for PBXProject "EssentialFeed" */;
			compatibilityVersion = "Xcode 14.0";
			developmentRegion = en;
			hasScannedForEncodings = 0;
			knownRegions = (
				en,
				Base,
			);
			mainGroup = 2B369A1A2C1AE58100C48504;
			productRefGroup = 2B369A252C1AE58100C48504 /* Products */;
			projectDirPath = "";
			projectRoot = "";
			targets = (
				2B369A232C1AE58100C48504 /* EssentialFeed */,
				2B369A2D2C1AE58100C48504 /* EssentialFeedTests */,
				2B2F064C2C5D5EC000AA9ADA /* EssentialFeedAPIEndToEndTests */,
			);
		};
/* End PBXProject section */

/* Begin PBXResourcesBuildPhase section */
		2B2F064B2C5D5EC000AA9ADA /* Resources */ = {
			isa = PBXResourcesBuildPhase;
			buildActionMask = 2147483647;
			files = (
			);
			runOnlyForDeploymentPostprocessing = 0;
		};
		2B369A222C1AE58100C48504 /* Resources */ = {
			isa = PBXResourcesBuildPhase;
			buildActionMask = 2147483647;
			files = (
			);
			runOnlyForDeploymentPostprocessing = 0;
		};
		2B369A2C2C1AE58100C48504 /* Resources */ = {
			isa = PBXResourcesBuildPhase;
			buildActionMask = 2147483647;
			files = (
			);
			runOnlyForDeploymentPostprocessing = 0;
		};
/* End PBXResourcesBuildPhase section */

/* Begin PBXSourcesBuildPhase section */
		2B2F06492C5D5EC000AA9ADA /* Sources */ = {
			isa = PBXSourcesBuildPhase;
			buildActionMask = 2147483647;
			files = (
				2B2F06592C5D60E100AA9ADA /* EssentialFeedAPIEndToEndTests.swift in Sources */,
			);
			runOnlyForDeploymentPostprocessing = 0;
		};
		2B369A202C1AE58100C48504 /* Sources */ = {
			isa = PBXSourcesBuildPhase;
			buildActionMask = 2147483647;
			files = (
				2B369A292C1AE58100C48504 /* EssentialFeed.docc in Sources */,
			);
			runOnlyForDeploymentPostprocessing = 0;
		};
		2B369A2A2C1AE58100C48504 /* Sources */ = {
			isa = PBXSourcesBuildPhase;
			buildActionMask = 2147483647;
			files = (
				2BD52F462CA48C1B00F43FE4 /* CodableFeedStoreTests.swift in Sources */,
				2BB9C5692C7DC27E0081B3E0 /* CacheFeedUseCaseTests.swift in Sources */,
				2B5F60512C98B485005A5222 /* LoadFeedFromCacheUseCaseTests.swift in Sources */,
				2BB85B832C99E92600F613FF /* ValidateFeedCacheUseCaseTests.swift in Sources */,
			);
			runOnlyForDeploymentPostprocessing = 0;
		};
/* End PBXSourcesBuildPhase section */

/* Begin PBXTargetDependency section */
		2B2F06532C5D5EC000AA9ADA /* PBXTargetDependency */ = {
			isa = PBXTargetDependency;
			target = 2B369A232C1AE58100C48504 /* EssentialFeed */;
			targetProxy = 2B2F06522C5D5EC000AA9ADA /* PBXContainerItemProxy */;
		};
		2B369A312C1AE58100C48504 /* PBXTargetDependency */ = {
			isa = PBXTargetDependency;
			target = 2B369A232C1AE58100C48504 /* EssentialFeed */;
			targetProxy = 2B369A302C1AE58100C48504 /* PBXContainerItemProxy */;
		};
/* End PBXTargetDependency section */

/* Begin XCBuildConfiguration section */
		2B2F06552C5D5EC000AA9ADA /* Debug */ = {
			isa = XCBuildConfiguration;
			buildSettings = {
				CLANG_ENABLE_MODULES = YES;
				CODE_SIGN_STYLE = Automatic;
				CURRENT_PROJECT_VERSION = 1;
				DEAD_CODE_STRIPPING = YES;
				DEVELOPMENT_TEAM = 87354HFSTL;
				GENERATE_INFOPLIST_FILE = YES;
				IPHONEOS_DEPLOYMENT_TARGET = 15.0;
				MACOSX_DEPLOYMENT_TARGET = 14.0;
				MARKETING_VERSION = 1.0;
				PRODUCT_BUNDLE_IDENTIFIER = com.argentino.EssentialFeedAPIEndToEndTests;
				PRODUCT_NAME = "$(TARGET_NAME)";
				SUPPORTED_PLATFORMS = "iphoneos iphonesimulator macosx";
				SUPPORTS_MACCATALYST = NO;
				SWIFT_EMIT_LOC_STRINGS = NO;
				SWIFT_OBJC_BRIDGING_HEADER = "EssentialFeedAPIEndToEndTests/EssentialFeedAPIEndToEndTests-Bridging-Header.h";
				SWIFT_OPTIMIZATION_LEVEL = "-Onone";
				SWIFT_VERSION = 5.0;
				TARGETED_DEVICE_FAMILY = 1;
			};
			name = Debug;
		};
		2B2F06562C5D5EC000AA9ADA /* Release */ = {
			isa = XCBuildConfiguration;
			buildSettings = {
				CLANG_ENABLE_MODULES = YES;
				CODE_SIGN_STYLE = Automatic;
				CURRENT_PROJECT_VERSION = 1;
				DEAD_CODE_STRIPPING = YES;
				DEVELOPMENT_TEAM = 87354HFSTL;
				GENERATE_INFOPLIST_FILE = YES;
				IPHONEOS_DEPLOYMENT_TARGET = 15.0;
				MACOSX_DEPLOYMENT_TARGET = 14.0;
				MARKETING_VERSION = 1.0;
				PRODUCT_BUNDLE_IDENTIFIER = com.argentino.EssentialFeedAPIEndToEndTests;
				PRODUCT_NAME = "$(TARGET_NAME)";
				SUPPORTED_PLATFORMS = "iphoneos iphonesimulator macosx";
				SUPPORTS_MACCATALYST = NO;
				SWIFT_EMIT_LOC_STRINGS = NO;
				SWIFT_OBJC_BRIDGING_HEADER = "EssentialFeedAPIEndToEndTests/EssentialFeedAPIEndToEndTests-Bridging-Header.h";
				SWIFT_VERSION = 5.0;
				TARGETED_DEVICE_FAMILY = 1;
			};
			name = Release;
		};
		2B369A362C1AE58100C48504 /* Debug */ = {
			isa = XCBuildConfiguration;
			buildSettings = {
				ALWAYS_SEARCH_USER_PATHS = NO;
				ASSETCATALOG_COMPILER_GENERATE_SWIFT_ASSET_SYMBOL_EXTENSIONS = YES;
				CLANG_ANALYZER_NONNULL = YES;
				CLANG_ANALYZER_NUMBER_OBJECT_CONVERSION = YES_AGGRESSIVE;
				CLANG_CXX_LANGUAGE_STANDARD = "gnu++20";
				CLANG_ENABLE_MODULES = YES;
				CLANG_ENABLE_OBJC_ARC = YES;
				CLANG_ENABLE_OBJC_WEAK = YES;
				CLANG_WARN_BLOCK_CAPTURE_AUTORELEASING = YES;
				CLANG_WARN_BOOL_CONVERSION = YES;
				CLANG_WARN_COMMA = YES;
				CLANG_WARN_CONSTANT_CONVERSION = YES;
				CLANG_WARN_DEPRECATED_OBJC_IMPLEMENTATIONS = YES;
				CLANG_WARN_DIRECT_OBJC_ISA_USAGE = YES_ERROR;
				CLANG_WARN_DOCUMENTATION_COMMENTS = YES;
				CLANG_WARN_EMPTY_BODY = YES;
				CLANG_WARN_ENUM_CONVERSION = YES;
				CLANG_WARN_INFINITE_RECURSION = YES;
				CLANG_WARN_INT_CONVERSION = YES;
				CLANG_WARN_NON_LITERAL_NULL_CONVERSION = YES;
				CLANG_WARN_OBJC_IMPLICIT_RETAIN_SELF = YES;
				CLANG_WARN_OBJC_LITERAL_CONVERSION = YES;
				CLANG_WARN_OBJC_ROOT_CLASS = YES_ERROR;
				CLANG_WARN_QUOTED_INCLUDE_IN_FRAMEWORK_HEADER = YES;
				CLANG_WARN_RANGE_LOOP_ANALYSIS = YES;
				CLANG_WARN_STRICT_PROTOTYPES = YES;
				CLANG_WARN_SUSPICIOUS_MOVE = YES;
				CLANG_WARN_UNGUARDED_AVAILABILITY = YES_AGGRESSIVE;
				CLANG_WARN_UNREACHABLE_CODE = YES;
				CLANG_WARN__DUPLICATE_METHOD_MATCH = YES;
				COPY_PHASE_STRIP = NO;
				CURRENT_PROJECT_VERSION = 1;
				DEAD_CODE_STRIPPING = YES;
				DEBUG_INFORMATION_FORMAT = dwarf;
				ENABLE_STRICT_OBJC_MSGSEND = YES;
				ENABLE_TESTABILITY = YES;
				ENABLE_USER_SCRIPT_SANDBOXING = YES;
				GCC_C_LANGUAGE_STANDARD = gnu17;
				GCC_DYNAMIC_NO_PIC = NO;
				GCC_NO_COMMON_BLOCKS = YES;
				GCC_OPTIMIZATION_LEVEL = 0;
				GCC_PREPROCESSOR_DEFINITIONS = (
					"DEBUG=1",
					"$(inherited)",
				);
				GCC_WARN_64_TO_32_BIT_CONVERSION = YES;
				GCC_WARN_ABOUT_RETURN_TYPE = YES_ERROR;
				GCC_WARN_UNDECLARED_SELECTOR = YES;
				GCC_WARN_UNINITIALIZED_AUTOS = YES_AGGRESSIVE;
				GCC_WARN_UNUSED_FUNCTION = YES;
				GCC_WARN_UNUSED_VARIABLE = YES;
				LOCALIZATION_PREFERS_STRING_CATALOGS = YES;
				MACOSX_DEPLOYMENT_TARGET = 14.5;
				MTL_ENABLE_DEBUG_INFO = INCLUDE_SOURCE;
				MTL_FAST_MATH = YES;
				ONLY_ACTIVE_ARCH = YES;
				SDKROOT = macosx;
				SWIFT_ACTIVE_COMPILATION_CONDITIONS = "DEBUG $(inherited)";
				SWIFT_OPTIMIZATION_LEVEL = "-Onone";
				SWIFT_VERSION = 5.0;
				VERSIONING_SYSTEM = "apple-generic";
				VERSION_INFO_PREFIX = "";
			};
			name = Debug;
		};
		2B369A372C1AE58100C48504 /* Release */ = {
			isa = XCBuildConfiguration;
			buildSettings = {
				ALWAYS_SEARCH_USER_PATHS = NO;
				ASSETCATALOG_COMPILER_GENERATE_SWIFT_ASSET_SYMBOL_EXTENSIONS = YES;
				CLANG_ANALYZER_NONNULL = YES;
				CLANG_ANALYZER_NUMBER_OBJECT_CONVERSION = YES_AGGRESSIVE;
				CLANG_CXX_LANGUAGE_STANDARD = "gnu++20";
				CLANG_ENABLE_MODULES = YES;
				CLANG_ENABLE_OBJC_ARC = YES;
				CLANG_ENABLE_OBJC_WEAK = YES;
				CLANG_WARN_BLOCK_CAPTURE_AUTORELEASING = YES;
				CLANG_WARN_BOOL_CONVERSION = YES;
				CLANG_WARN_COMMA = YES;
				CLANG_WARN_CONSTANT_CONVERSION = YES;
				CLANG_WARN_DEPRECATED_OBJC_IMPLEMENTATIONS = YES;
				CLANG_WARN_DIRECT_OBJC_ISA_USAGE = YES_ERROR;
				CLANG_WARN_DOCUMENTATION_COMMENTS = YES;
				CLANG_WARN_EMPTY_BODY = YES;
				CLANG_WARN_ENUM_CONVERSION = YES;
				CLANG_WARN_INFINITE_RECURSION = YES;
				CLANG_WARN_INT_CONVERSION = YES;
				CLANG_WARN_NON_LITERAL_NULL_CONVERSION = YES;
				CLANG_WARN_OBJC_IMPLICIT_RETAIN_SELF = YES;
				CLANG_WARN_OBJC_LITERAL_CONVERSION = YES;
				CLANG_WARN_OBJC_ROOT_CLASS = YES_ERROR;
				CLANG_WARN_QUOTED_INCLUDE_IN_FRAMEWORK_HEADER = YES;
				CLANG_WARN_RANGE_LOOP_ANALYSIS = YES;
				CLANG_WARN_STRICT_PROTOTYPES = YES;
				CLANG_WARN_SUSPICIOUS_MOVE = YES;
				CLANG_WARN_UNGUARDED_AVAILABILITY = YES_AGGRESSIVE;
				CLANG_WARN_UNREACHABLE_CODE = YES;
				CLANG_WARN__DUPLICATE_METHOD_MATCH = YES;
				COPY_PHASE_STRIP = NO;
				CURRENT_PROJECT_VERSION = 1;
				DEAD_CODE_STRIPPING = YES;
				DEBUG_INFORMATION_FORMAT = "dwarf-with-dsym";
				ENABLE_NS_ASSERTIONS = NO;
				ENABLE_STRICT_OBJC_MSGSEND = YES;
				ENABLE_USER_SCRIPT_SANDBOXING = YES;
				GCC_C_LANGUAGE_STANDARD = gnu17;
				GCC_NO_COMMON_BLOCKS = YES;
				GCC_WARN_64_TO_32_BIT_CONVERSION = YES;
				GCC_WARN_ABOUT_RETURN_TYPE = YES_ERROR;
				GCC_WARN_UNDECLARED_SELECTOR = YES;
				GCC_WARN_UNINITIALIZED_AUTOS = YES_AGGRESSIVE;
				GCC_WARN_UNUSED_FUNCTION = YES;
				GCC_WARN_UNUSED_VARIABLE = YES;
				LOCALIZATION_PREFERS_STRING_CATALOGS = YES;
				MACOSX_DEPLOYMENT_TARGET = 14.5;
				MTL_ENABLE_DEBUG_INFO = NO;
				MTL_FAST_MATH = YES;
				SDKROOT = macosx;
				SWIFT_COMPILATION_MODE = wholemodule;
				SWIFT_VERSION = 5.0;
				VERSIONING_SYSTEM = "apple-generic";
				VERSION_INFO_PREFIX = "";
			};
			name = Release;
		};
		2B369A392C1AE58100C48504 /* Debug */ = {
			isa = XCBuildConfiguration;
			buildSettings = {
				BUILD_LIBRARY_FOR_DISTRIBUTION = YES;
				CODE_SIGN_IDENTITY = "";
				CODE_SIGN_STYLE = Automatic;
				COMBINE_HIDPI_IMAGES = YES;
				CURRENT_PROJECT_VERSION = 1;
				DEAD_CODE_STRIPPING = YES;
				DEFINES_MODULE = YES;
				DEVELOPMENT_TEAM = 87354HFSTL;
				DYLIB_COMPATIBILITY_VERSION = 1;
				DYLIB_CURRENT_VERSION = 1;
				DYLIB_INSTALL_NAME_BASE = "@rpath";
				ENABLE_MODULE_VERIFIER = YES;
				GENERATE_INFOPLIST_FILE = YES;
				INFOPLIST_KEY_NSHumanReadableCopyright = "";
				INSTALL_PATH = "$(LOCAL_LIBRARY_DIR)/Frameworks";
				IPHONEOS_DEPLOYMENT_TARGET = 15.0;
				LD_RUNPATH_SEARCH_PATHS = (
					"$(inherited)",
					"@executable_path/../Frameworks",
					"@loader_path/Frameworks",
				);
				MARKETING_VERSION = 1.0;
				MODULE_VERIFIER_SUPPORTED_LANGUAGES = "objective-c objective-c++";
				MODULE_VERIFIER_SUPPORTED_LANGUAGE_STANDARDS = "gnu17 gnu++20";
				PRODUCT_BUNDLE_IDENTIFIER = com.argentino.EssentialFeed;
				PRODUCT_NAME = "$(TARGET_NAME:c99extidentifier)";
				SKIP_INSTALL = YES;
				SUPPORTED_PLATFORMS = "iphoneos iphonesimulator macosx";
				SUPPORTS_MACCATALYST = NO;
				SWIFT_EMIT_LOC_STRINGS = YES;
				SWIFT_INSTALL_OBJC_HEADER = NO;
				SWIFT_VERSION = 5.0;
				TARGETED_DEVICE_FAMILY = 1;
			};
			name = Debug;
		};
		2B369A3A2C1AE58100C48504 /* Release */ = {
			isa = XCBuildConfiguration;
			buildSettings = {
				BUILD_LIBRARY_FOR_DISTRIBUTION = YES;
				CODE_SIGN_IDENTITY = "";
				CODE_SIGN_STYLE = Automatic;
				COMBINE_HIDPI_IMAGES = YES;
				CURRENT_PROJECT_VERSION = 1;
				DEAD_CODE_STRIPPING = YES;
				DEFINES_MODULE = YES;
				DEVELOPMENT_TEAM = 87354HFSTL;
				DYLIB_COMPATIBILITY_VERSION = 1;
				DYLIB_CURRENT_VERSION = 1;
				DYLIB_INSTALL_NAME_BASE = "@rpath";
				ENABLE_MODULE_VERIFIER = YES;
				GENERATE_INFOPLIST_FILE = YES;
				INFOPLIST_KEY_NSHumanReadableCopyright = "";
				INSTALL_PATH = "$(LOCAL_LIBRARY_DIR)/Frameworks";
				IPHONEOS_DEPLOYMENT_TARGET = 15.0;
				LD_RUNPATH_SEARCH_PATHS = (
					"$(inherited)",
					"@executable_path/../Frameworks",
					"@loader_path/Frameworks",
				);
				MARKETING_VERSION = 1.0;
				MODULE_VERIFIER_SUPPORTED_LANGUAGES = "objective-c objective-c++";
				MODULE_VERIFIER_SUPPORTED_LANGUAGE_STANDARDS = "gnu17 gnu++20";
				PRODUCT_BUNDLE_IDENTIFIER = com.argentino.EssentialFeed;
				PRODUCT_NAME = "$(TARGET_NAME:c99extidentifier)";
				SKIP_INSTALL = YES;
				SUPPORTED_PLATFORMS = "iphoneos iphonesimulator macosx";
				SUPPORTS_MACCATALYST = NO;
				SWIFT_EMIT_LOC_STRINGS = YES;
				SWIFT_INSTALL_OBJC_HEADER = NO;
				SWIFT_VERSION = 5.0;
				TARGETED_DEVICE_FAMILY = 1;
			};
			name = Release;
		};
		2B369A3C2C1AE58100C48504 /* Debug */ = {
			isa = XCBuildConfiguration;
			buildSettings = {
				CODE_SIGN_STYLE = Automatic;
				CURRENT_PROJECT_VERSION = 1;
				DEAD_CODE_STRIPPING = YES;
				DEVELOPMENT_TEAM = 87354HFSTL;
				GENERATE_INFOPLIST_FILE = YES;
				MACOSX_DEPLOYMENT_TARGET = 14.0;
				MARKETING_VERSION = 1.0;
				PRODUCT_BUNDLE_IDENTIFIER = com.argentino.EssentialFeedTests;
				PRODUCT_NAME = "$(TARGET_NAME)";
				SUPPORTED_PLATFORMS = "iphoneos iphonesimulator macosx";
				SUPPORTS_MACCATALYST = NO;
				SWIFT_EMIT_LOC_STRINGS = NO;
				SWIFT_VERSION = 5.0;
				TARGETED_DEVICE_FAMILY = 1;
			};
			name = Debug;
		};
		2B369A3D2C1AE58100C48504 /* Release */ = {
			isa = XCBuildConfiguration;
			buildSettings = {
				CODE_SIGN_STYLE = Automatic;
				CURRENT_PROJECT_VERSION = 1;
				DEAD_CODE_STRIPPING = YES;
				DEVELOPMENT_TEAM = 87354HFSTL;
				GENERATE_INFOPLIST_FILE = YES;
				MACOSX_DEPLOYMENT_TARGET = 14.0;
				MARKETING_VERSION = 1.0;
				PRODUCT_BUNDLE_IDENTIFIER = com.argentino.EssentialFeedTests;
				PRODUCT_NAME = "$(TARGET_NAME)";
				SUPPORTED_PLATFORMS = "iphoneos iphonesimulator macosx";
				SUPPORTS_MACCATALYST = NO;
				SWIFT_EMIT_LOC_STRINGS = NO;
				SWIFT_VERSION = 5.0;
				TARGETED_DEVICE_FAMILY = 1;
			};
			name = Release;
		};
/* End XCBuildConfiguration section */

/* Begin XCConfigurationList section */
		2B2F06542C5D5EC000AA9ADA /* Build configuration list for PBXNativeTarget "EssentialFeedAPIEndToEndTests" */ = {
			isa = XCConfigurationList;
			buildConfigurations = (
				2B2F06552C5D5EC000AA9ADA /* Debug */,
				2B2F06562C5D5EC000AA9ADA /* Release */,
			);
			defaultConfigurationIsVisible = 0;
			defaultConfigurationName = Release;
		};
		2B369A1E2C1AE58100C48504 /* Build configuration list for PBXProject "EssentialFeed" */ = {
			isa = XCConfigurationList;
			buildConfigurations = (
				2B369A362C1AE58100C48504 /* Debug */,
				2B369A372C1AE58100C48504 /* Release */,
			);
			defaultConfigurationIsVisible = 0;
			defaultConfigurationName = Release;
		};
		2B369A382C1AE58100C48504 /* Build configuration list for PBXNativeTarget "EssentialFeed" */ = {
			isa = XCConfigurationList;
			buildConfigurations = (
				2B369A392C1AE58100C48504 /* Debug */,
				2B369A3A2C1AE58100C48504 /* Release */,
			);
			defaultConfigurationIsVisible = 0;
			defaultConfigurationName = Release;
		};
		2B369A3B2C1AE58100C48504 /* Build configuration list for PBXNativeTarget "EssentialFeedTests" */ = {
			isa = XCConfigurationList;
			buildConfigurations = (
				2B369A3C2C1AE58100C48504 /* Debug */,
				2B369A3D2C1AE58100C48504 /* Release */,
			);
			defaultConfigurationIsVisible = 0;
			defaultConfigurationName = Release;
		};
/* End XCConfigurationList section */
	};
	rootObject = 2B369A1B2C1AE58100C48504 /* Project object */;
}
